Microsoft Visual Studio Solution File, Format Version 11.00
# Visual Studio 2008

Project("{8FBFD03A-9AA1-03D7-C943-75CE4D6D7AAB}") = "ZSEGameJam", "Assembly-CSharp-firstpass.csproj", "{D67640ED-72EF-C5D8-048B-E13F2F996FDB}"
EndProject
Project("{8FBFD03A-9AA1-03D7-C943-75CE4D6D7AAB}") = "ZSEGameJam", "Assembly-CSharp.csproj", "{EA19F490-B9CD-61C9-EB02-D49D397A85C2}"
EndProject
Project("{8FBFD03A-9AA1-03D7-C943-75CE4D6D7AAB}") = "ZSEGameJam", "Assembly-CSharp-Editor.csproj", "{004ECC65-63C2-FA8C-84BA-B2FE5B6780DE}"
EndProject
Global
	GlobalSection(SolutionConfigurationPlatforms) = preSolution
		Debug|Any CPU = Debug|Any CPU
		Release|Any CPU = Release|Any CPU
	EndGlobalSection
	GlobalSection(ProjectConfigurationPlatforms) = postSolution
		{D67640ED-72EF-C5D8-048B-E13F2F996FDB}.Debug|Any CPU.ActiveCfg = Debug|Any CPU
		{D67640ED-72EF-C5D8-048B-E13F2F996FDB}.Debug|Any CPU.Build.0 = Debug|Any CPU
		{D67640ED-72EF-C5D8-048B-E13F2F996FDB}.Release|Any CPU.ActiveCfg = Release|Any CPU
		{D67640ED-72EF-C5D8-048B-E13F2F996FDB}.Release|Any CPU.Build.0 = Release|Any CPU
		{EA19F490-B9CD-61C9-EB02-D49D397A85C2}.Debug|Any CPU.ActiveCfg = Debug|Any CPU
		{EA19F490-B9CD-61C9-EB02-D49D397A85C2}.Debug|Any CPU.Build.0 = Debug|Any CPU
		{EA19F490-B9CD-61C9-EB02-D49D397A85C2}.Release|Any CPU.ActiveCfg = Release|Any CPU
		{EA19F490-B9CD-61C9-EB02-D49D397A85C2}.Release|Any CPU.Build.0 = Release|Any CPU
		{004ECC65-63C2-FA8C-84BA-B2FE5B6780DE}.Debug|Any CPU.ActiveCfg = Debug|Any CPU
		{004ECC65-63C2-FA8C-84BA-B2FE5B6780DE}.Debug|Any CPU.Build.0 = Debug|Any CPU
		{004ECC65-63C2-FA8C-84BA-B2FE5B6780DE}.Release|Any CPU.ActiveCfg = Release|Any CPU
		{004ECC65-63C2-FA8C-84BA-B2FE5B6780DE}.Release|Any CPU.Build.0 = Release|Any CPU
	EndGlobalSection
	GlobalSection(SolutionProperties) = preSolution
		HideSolutionNode = FALSE
	EndGlobalSection
	GlobalSection(MonoDevelopProperties) = preSolution
		StartupItem = Assembly-CSharp.csproj
	EndGlobalSection
EndGlobal
